
Microsoft Visual Studio Solution File, Format Version 12.00
# Visual Studio Version 16
VisualStudioVersion = 16.0.32106.194
MinimumVisualStudioVersion = 10.0.40219.1
Project("{FAE04EC0-301F-11D3-BF4B-00C04F79EFBC}") = "DataMailClient", "DataMailClient\DataMailClient.csproj", "{8C53CED5-610A-4EE9-984F-67E099D32874}"
EndProject
Global
	GlobalSection(SolutionConfigurationPlatforms) = preSolution
		Debug|Any CPU = Debug|Any CPU
		Release|Any CPU = Release|Any CPU
	EndGlobalSection
	GlobalSection(ProjectConfigurationPlatforms) = postSolution
		{8C53CED5-610A-4EE9-984F-67E099D32874}.Debug|Any CPU.ActiveCfg = Debug|Any CPU
		{8C53CED5-610A-4EE9-984F-67E099D32874}.Debug|Any CPU.Build.0 = Debug|Any CPU
		{8C53CED5-610A-4EE9-984F-67E099D32874}.Release|Any CPU.ActiveCfg = Release|Any CPU
		{8C53CED5-610A-4EE9-984F-67E099D32874}.Release|Any CPU.Build.0 = Release|Any CPU
	EndGlobalSection
	GlobalSection(SolutionProperties) = preSolution
		HideSolutionNode = FALSE
	EndGlobalSection
	GlobalSection(ExtensibilityGlobals) = postSolution
		SolutionGuid = {CDAC3F23-776C-4669-991D-454CC6439E53}
	EndGlobalSection
EndGlobal
